# THIS IS AN AUTOGENERATED FILE. DO NOT EDIT THIS FILE DIRECTLY.
# yarn lockfile v1


array-buffer-to-hex@^1.0.0:
  version "1.0.0"
  resolved "https://registry.yarnpkg.com/array-buffer-to-hex/-/array-buffer-to-hex-1.0.0.tgz#9c76e53010ef7bf7bf8a27ebbb41d24e1d83edf4"

blakejs@^1.1.0:
  version "1.1.0"
  resolved "https://registry.yarnpkg.com/blakejs/-/blakejs-1.1.0.tgz#69df92ef953aa88ca51a32df6ab1c54a155fc7a5"

hex-to-array-buffer@^1.1.0:
  version "1.1.0"
  resolved "https://registry.yarnpkg.com/hex-to-array-buffer/-/hex-to-array-buffer-1.1.0.tgz#17cb9613da06c3fefe4bc27436b5bcddf9d309c3"

nano-base32@^1.0.0:
  version "1.0.0"
  resolved "https://registry.yarnpkg.com/nano-base32/-/nano-base32-1.0.0.tgz#eda445dba06aeb18cff786fdb9fa4f6c5f5c6791"

"tweetnacl@git+https://github.com/jaimehgb/tweetnacl-js.git#ef9ea5fd95c3ca98128877c58e40ef1a711421ef":
  version "1.0.0"
  resolved "git+https://github.com/jaimehgb/tweetnacl-js.git#ef9ea5fd95c3ca98128877c58e40ef1a711421ef"
  dependencies:
    blakejs "^1.1.0"
